// !$*UTF8*$!
{
	archiveVersion = 1;
	classes = {
	};
	objectVersion = 46;
	objects = {

/* Begin PBXBuildFile section */
		201578331F4154860087D862 /* ShiftBL.swift in Sources */ = {isa = PBXBuildFile; fileRef = 201578321F4154860087D862 /* ShiftBL.swift */; };
		201578351F4155840087D862 /* Shift.swift in Sources */ = {isa = PBXBuildFile; fileRef = 201578341F4155840087D862 /* Shift.swift */; };
		203912B21F407EE8007A6099 /* DataCloudManager.swift in Sources */ = {isa = PBXBuildFile; fileRef = 203912AF1F407EE8007A6099 /* DataCloudManager.swift */; };
		203912B31F407EE8007A6099 /* HTTPSessionManager.swift in Sources */ = {isa = PBXBuildFile; fileRef = 203912B01F407EE8007A6099 /* HTTPSessionManager.swift */; };
		203912B41F407EE8007A6099 /* ObjectEvent.swift in Sources */ = {isa = PBXBuildFile; fileRef = 203912B11F407EE8007A6099 /* ObjectEvent.swift */; };
		2083C7661F3CA99200BE794C /* AppDelegate.swift in Sources */ = {isa = PBXBuildFile; fileRef = 2083C7651F3CA99200BE794C /* AppDelegate.swift */; };
		2083C76B1F3CA99200BE794C /* Main.storyboard in Resources */ = {isa = PBXBuildFile; fileRef = 2083C7691F3CA99200BE794C /* Main.storyboard */; };
		2083C76D1F3CA99200BE794C /* Assets.xcassets in Resources */ = {isa = PBXBuildFile; fileRef = 2083C76C1F3CA99200BE794C /* Assets.xcassets */; };
		2083C7701F3CA99200BE794C /* LaunchScreen.storyboard in Resources */ = {isa = PBXBuildFile; fileRef = 2083C76E1F3CA99200BE794C /* LaunchScreen.storyboard */; };
		2083C77B1F3CA99200BE794C /* iOSEmprevoTests.swift in Sources */ = {isa = PBXBuildFile; fileRef = 2083C77A1F3CA99200BE794C /* iOSEmprevoTests.swift */; };
		20B00FCD1F496FA6000BD5D4 /* ShiftTableViewCell.swift in Sources */ = {isa = PBXBuildFile; fileRef = 20B00FCC1F496FA6000BD5D4 /* ShiftTableViewCell.swift */; };
		20F324641F4A7E7A005A2DE7 /* GPX Emprevo.gpx in Resources */ = {isa = PBXBuildFile; fileRef = 20F324631F4A7E7A005A2DE7 /* GPX Emprevo.gpx */; };
		20F324661F4B15E0005A2DE7 /* InitialViewController.swift in Sources */ = {isa = PBXBuildFile; fileRef = 20F324651F4B15E0005A2DE7 /* InitialViewController.swift */; };
		20F324681F4B16F2005A2DE7 /* InitBL.swift in Sources */ = {isa = PBXBuildFile; fileRef = 20F324671F4B16F2005A2DE7 /* InitBL.swift */; };
		20F3246A1F4B1904005A2DE7 /* BaseBL.swift in Sources */ = {isa = PBXBuildFile; fileRef = 20F324691F4B1904005A2DE7 /* BaseBL.swift */; };
		86AF5D7F1F48213100169FC4 /* MainViewController.swift in Sources */ = {isa = PBXBuildFile; fileRef = 86AF5D7E1F48213100169FC4 /* MainViewController.swift */; };
		86AF5D811F482A3E00169FC4 /* ShiftPin.swift in Sources */ = {isa = PBXBuildFile; fileRef = 86AF5D801F482A3E00169FC4 /* ShiftPin.swift */; };
/* End PBXBuildFile section */

/* Begin PBXContainerItemProxy section */
		2083C7771F3CA99200BE794C /* PBXContainerItemProxy */ = {
			isa = PBXContainerItemProxy;
			containerPortal = 2083C75A1F3CA99200BE794C /* Project object */;
			proxyType = 1;
			remoteGlobalIDString = 2083C7611F3CA99200BE794C;
			remoteInfo = iOSEmprevo;
		};
/* End PBXContainerItemProxy section */

/* Begin PBXFileReference section */
		201578321F4154860087D862 /* ShiftBL.swift */ = {isa = PBXFileReference; fileEncoding = 4; lastKnownFileType = sourcecode.swift; path = ShiftBL.swift; sourceTree = "<group>"; };
		201578341F4155840087D862 /* Shift.swift */ = {isa = PBXFileReference; fileEncoding = 4; lastKnownFileType = sourcecode.swift; path = Shift.swift; sourceTree = "<group>"; };
		203912AF1F407EE8007A6099 /* DataCloudManager.swift */ = {isa = PBXFileReference; fileEncoding = 4; lastKnownFileType = sourcecode.swift; path = DataCloudManager.swift; sourceTree = "<group>"; };
		203912B01F407EE8007A6099 /* HTTPSessionManager.swift */ = {isa = PBXFileReference; fileEncoding = 4; lastKnownFileType = sourcecode.swift; path = HTTPSessionManager.swift; sourceTree = "<group>"; };
		203912B11F407EE8007A6099 /* ObjectEvent.swift */ = {isa = PBXFileReference; fileEncoding = 4; lastKnownFileType = sourcecode.swift; path = ObjectEvent.swift; sourceTree = "<group>"; };
		2083C7621F3CA99200BE794C /* iOSEmprevo.app */ = {isa = PBXFileReference; explicitFileType = wrapper.application; includeInIndex = 0; path = iOSEmprevo.app; sourceTree = BUILT_PRODUCTS_DIR; };
		2083C7651F3CA99200BE794C /* AppDelegate.swift */ = {isa = PBXFileReference; lastKnownFileType = sourcecode.swift; path = AppDelegate.swift; sourceTree = "<group>"; };
		2083C76A1F3CA99200BE794C /* Base */ = {isa = PBXFileReference; lastKnownFileType = file.storyboard; name = Base; path = Base.lproj/Main.storyboard; sourceTree = "<group>"; };
		2083C76C1F3CA99200BE794C /* Assets.xcassets */ = {isa = PBXFileReference; lastKnownFileType = folder.assetcatalog; path = Assets.xcassets; sourceTree = "<group>"; };
		2083C76F1F3CA99200BE794C /* Base */ = {isa = PBXFileReference; lastKnownFileType = file.storyboard; name = Base; path = Base.lproj/LaunchScreen.storyboard; sourceTree = "<group>"; };
		2083C7711F3CA99200BE794C /* Info.plist */ = {isa = PBXFileReference; lastKnownFileType = text.plist.xml; path = Info.plist; sourceTree = "<group>"; };
		2083C7761F3CA99200BE794C /* iOSEmprevoTests.xctest */ = {isa = PBXFileReference; explicitFileType = wrapper.cfbundle; includeInIndex = 0; path = iOSEmprevoTests.xctest; sourceTree = BUILT_PRODUCTS_DIR; };
		2083C77A1F3CA99200BE794C /* iOSEmprevoTests.swift */ = {isa = PBXFileReference; lastKnownFileType = sourcecode.swift; path = iOSEmprevoTests.swift; sourceTree = "<group>"; };
		2083C77C1F3CA99200BE794C /* Info.plist */ = {isa = PBXFileReference; lastKnownFileType = text.plist.xml; path = Info.plist; sourceTree = "<group>"; };
		20B00FCC1F496FA6000BD5D4 /* ShiftTableViewCell.swift */ = {isa = PBXFileReference; fileEncoding = 4; lastKnownFileType = sourcecode.swift; path = ShiftTableViewCell.swift; sourceTree = "<group>"; };
		20F324631F4A7E7A005A2DE7 /* GPX Emprevo.gpx */ = {isa = PBXFileReference; fileEncoding = 4; lastKnownFileType = text.xml; path = "GPX Emprevo.gpx"; sourceTree = "<group>"; };
		20F324651F4B15E0005A2DE7 /* InitialViewController.swift */ = {isa = PBXFileReference; fileEncoding = 4; lastKnownFileType = sourcecode.swift; path = InitialViewController.swift; sourceTree = "<group>"; };
		20F324671F4B16F2005A2DE7 /* InitBL.swift */ = {isa = PBXFileReference; fileEncoding = 4; lastKnownFileType = sourcecode.swift; path = InitBL.swift; sourceTree = "<group>"; };
		20F324691F4B1904005A2DE7 /* BaseBL.swift */ = {isa = PBXFileReference; fileEncoding = 4; lastKnownFileType = sourcecode.swift; path = BaseBL.swift; sourceTree = "<group>"; };
		86AF5D7E1F48213100169FC4 /* MainViewController.swift */ = {isa = PBXFileReference; fileEncoding = 4; lastKnownFileType = sourcecode.swift; path = MainViewController.swift; sourceTree = "<group>"; };
		86AF5D801F482A3E00169FC4 /* ShiftPin.swift */ = {isa = PBXFileReference; fileEncoding = 4; lastKnownFileType = sourcecode.swift; path = ShiftPin.swift; sourceTree = "<group>"; };
/* End PBXFileReference section */

/* Begin PBXFrameworksBuildPhase section */
		2083C75F1F3CA99200BE794C /* Frameworks */ = {
			isa = PBXFrameworksBuildPhase;
			buildActionMask = 2147483647;
			files = (
			);
			runOnlyForDeploymentPostprocessing = 0;
		};
		2083C7731F3CA99200BE794C /* Frameworks */ = {
			isa = PBXFrameworksBuildPhase;
			buildActionMask = 2147483647;
			files = (
			);
			runOnlyForDeploymentPostprocessing = 0;
		};
/* End PBXFrameworksBuildPhase section */

/* Begin PBXGroup section */
		2083C7591F3CA99200BE794C = {
			isa = PBXGroup;
			children = (
				20F324631F4A7E7A005A2DE7 /* GPX Emprevo.gpx */,
				2083C7641F3CA99200BE794C /* iOSEmprevo */,
				2083C7791F3CA99200BE794C /* iOSEmprevoTests */,
				2083C7631F3CA99200BE794C /* Products */,
			);
			sourceTree = "<group>";
		};
		2083C7631F3CA99200BE794C /* Products */ = {
			isa = PBXGroup;
			children = (
				2083C7621F3CA99200BE794C /* iOSEmprevo.app */,
				2083C7761F3CA99200BE794C /* iOSEmprevoTests.xctest */,
			);
			name = Products;
			sourceTree = "<group>";
		};
		2083C7641F3CA99200BE794C /* iOSEmprevo */ = {
			isa = PBXGroup;
			children = (
				2083C7651F3CA99200BE794C /* AppDelegate.swift */,
				203912AF1F407EE8007A6099 /* DataCloudManager.swift */,
				203912B01F407EE8007A6099 /* HTTPSessionManager.swift */,
				20F3246B1F4B2264005A2DE7 /* ViewController */,
				20F3246C1F4B226B005A2DE7 /* BL */,
				20F3246D1F4B227B005A2DE7 /* Model */,
				20B00FCC1F496FA6000BD5D4 /* ShiftTableViewCell.swift */,
				2083C7691F3CA99200BE794C /* Main.storyboard */,
				2083C76C1F3CA99200BE794C /* Assets.xcassets */,
				2083C76E1F3CA99200BE794C /* LaunchScreen.storyboard */,
				2083C7711F3CA99200BE794C /* Info.plist */,
			);
			path = iOSEmprevo;
			sourceTree = "<group>";
		};
		2083C7791F3CA99200BE794C /* iOSEmprevoTests */ = {
			isa = PBXGroup;
			children = (
				2083C77A1F3CA99200BE794C /* iOSEmprevoTests.swift */,
				2083C77C1F3CA99200BE794C /* Info.plist */,
			);
			path = iOSEmprevoTests;
			sourceTree = "<group>";
		};
		20F3246B1F4B2264005A2DE7 /* ViewController */ = {
			isa = PBXGroup;
			children = (
				20F324651F4B15E0005A2DE7 /* InitialViewController.swift */,
				86AF5D7E1F48213100169FC4 /* MainViewController.swift */,
			);
			name = ViewController;
			sourceTree = "<group>";
		};
		20F3246C1F4B226B005A2DE7 /* BL */ = {
			isa = PBXGroup;
			children = (
				20F324691F4B1904005A2DE7 /* BaseBL.swift */,
				201578321F4154860087D862 /* ShiftBL.swift */,
				20F324671F4B16F2005A2DE7 /* InitBL.swift */,
			);
			name = BL;
			sourceTree = "<group>";
		};
		20F3246D1F4B227B005A2DE7 /* Model */ = {
			isa = PBXGroup;
			children = (
				203912B11F407EE8007A6099 /* ObjectEvent.swift */,
				201578341F4155840087D862 /* Shift.swift */,
				86AF5D801F482A3E00169FC4 /* ShiftPin.swift */,
			);
			name = Model;
			sourceTree = "<group>";
		};
/* End PBXGroup section */

/* Begin PBXNativeTarget section */
		2083C7611F3CA99200BE794C /* iOSEmprevo */ = {
			isa = PBXNativeTarget;
			buildConfigurationList = 2083C77F1F3CA99200BE794C /* Build configuration list for PBXNativeTarget "iOSEmprevo" */;
			buildPhases = (
				2083C75E1F3CA99200BE794C /* Sources */,
				2083C75F1F3CA99200BE794C /* Frameworks */,
				2083C7601F3CA99200BE794C /* Resources */,
			);
			buildRules = (
			);
			dependencies = (
			);
			name = iOSEmprevo;
			productName = iOSEmprevo;
			productReference = 2083C7621F3CA99200BE794C /* iOSEmprevo.app */;
			productType = "com.apple.product-type.application";
		};
		2083C7751F3CA99200BE794C /* iOSEmprevoTests */ = {
			isa = PBXNativeTarget;
			buildConfigurationList = 2083C7821F3CA99200BE794C /* Build configuration list for PBXNativeTarget "iOSEmprevoTests" */;
			buildPhases = (
				2083C7721F3CA99200BE794C /* Sources */,
				2083C7731F3CA99200BE794C /* Frameworks */,
				2083C7741F3CA99200BE794C /* Resources */,
			);
			buildRules = (
			);
			dependencies = (
				2083C7781F3CA99200BE794C /* PBXTargetDependency */,
			);
			name = iOSEmprevoTests;
			productName = iOSEmprevoTests;
			productReference = 2083C7761F3CA99200BE794C /* iOSEmprevoTests.xctest */;
			productType = "com.apple.product-type.bundle.unit-test";
		};
/* End PBXNativeTarget section */

/* Begin PBXProject section */
		2083C75A1F3CA99200BE794C /* Project object */ = {
			isa = PBXProject;
			attributes = {
				LastSwiftUpdateCheck = 0820;
				LastUpgradeCheck = 0820;
				ORGANIZATIONNAME = "Chaithat Sukra";
				TargetAttributes = {
					2083C7611F3CA99200BE794C = {
						CreatedOnToolsVersion = 8.2.1;
						DevelopmentTeam = 9L4ETSWFUJ;
						ProvisioningStyle = Automatic;
					};
					2083C7751F3CA99200BE794C = {
						CreatedOnToolsVersion = 8.2.1;
						DevelopmentTeam = 9L4ETSWFUJ;
						ProvisioningStyle = Automatic;
						TestTargetID = 2083C7611F3CA99200BE794C;
					};
				};
			};
			buildConfigurationList = 2083C75D1F3CA99200BE794C /* Build configuration list for PBXProject "iOSEmprevo" */;
			compatibilityVersion = "Xcode 3.2";
			developmentRegion = English;
			hasScannedForEncodings = 0;
			knownRegions = (
				en,
				Base,
			);
			mainGroup = 2083C7591F3CA99200BE794C;
			productRefGroup = 2083C7631F3CA99200BE794C /* Products */;
			projectDirPath = "";
			projectRoot = "";
			targets = (
				2083C7611F3CA99200BE794C /* iOSEmprevo */,
				2083C7751F3CA99200BE794C /* iOSEmprevoTests */,
			);
		};
/* End PBXProject section */

/* Begin PBXResourcesBuildPhase section */
		2083C7601F3CA99200BE794C /* Resources */ = {
			isa = PBXResourcesBuildPhase;
			buildActionMask = 2147483647;
			files = (
				2083C7701F3CA99200BE794C /* LaunchScreen.storyboard in Resources */,
				20F324641F4A7E7A005A2DE7 /* GPX Emprevo.gpx in Resources */,
				2083C76D1F3CA99200BE794C /* Assets.xcassets in Resources */,
				2083C76B1F3CA99200BE794C /* Main.storyboard in Resources */,
			);
			runOnlyForDeploymentPostprocessing = 0;
		};
		2083C7741F3CA99200BE794C /* Resources */ = {
			isa = PBXResourcesBuildPhase;
			buildActionMask = 2147483647;
			files = (
			);
			runOnlyForDeploymentPostprocessing = 0;
		};
/* End PBXResourcesBuildPhase section */

/* Begin PBXSourcesBuildPhase section */
		2083C75E1F3CA99200BE794C /* Sources */ = {
			isa = PBXSourcesBuildPhase;
			buildActionMask = 2147483647;
			files = (
				20F3246A1F4B1904005A2DE7 /* BaseBL.swift in Sources */,
				203912B41F407EE8007A6099 /* ObjectEvent.swift in Sources */,
				201578331F4154860087D862 /* ShiftBL.swift in Sources */,
				201578351F4155840087D862 /* Shift.swift in Sources */,
				86AF5D811F482A3E00169FC4 /* ShiftPin.swift in Sources */,
				2083C7661F3CA99200BE794C /* AppDelegate.swift in Sources */,
				20F324681F4B16F2005A2DE7 /* InitBL.swift in Sources */,
				20F324661F4B15E0005A2DE7 /* InitialViewController.swift in Sources */,
				203912B31F407EE8007A6099 /* HTTPSessionManager.swift in Sources */,
				203912B21F407EE8007A6099 /* DataCloudManager.swift in Sources */,
				20B00FCD1F496FA6000BD5D4 /* ShiftTableViewCell.swift in Sources */,
				86AF5D7F1F48213100169FC4 /* MainViewController.swift in Sources */,
			);
			runOnlyForDeploymentPostprocessing = 0;
		};
		2083C7721F3CA99200BE794C /* Sources */ = {
			isa = PBXSourcesBuildPhase;
			buildActionMask = 2147483647;
			files = (
				2083C77B1F3CA99200BE794C /* iOSEmprevoTests.swift in Sources */,
			);
			runOnlyForDeploymentPostprocessing = 0;
		};
/* End PBXSourcesBuildPhase section */

/* Begin PBXTargetDependency section */
		2083C7781F3CA99200BE794C /* PBXTargetDependency */ = {
			isa = PBXTargetDependency;
			target = 2083C7611F3CA99200BE794C /* iOSEmprevo */;
			targetProxy = 2083C7771F3CA99200BE794C /* PBXContainerItemProxy */;
		};
/* End PBXTargetDependency section */

/* Begin PBXVariantGroup section */
		2083C7691F3CA99200BE794C /* Main.storyboard */ = {
			isa = PBXVariantGroup;
			children = (
				2083C76A1F3CA99200BE794C /* Base */,
			);
			name = Main.storyboard;
			sourceTree = "<group>";
		};
		2083C76E1F3CA99200BE794C /* LaunchScreen.storyboard */ = {
			isa = PBXVariantGroup;
			children = (
				2083C76F1F3CA99200BE794C /* Base */,
			);
			name = LaunchScreen.storyboard;
			sourceTree = "<group>";
		};
/* End PBXVariantGroup section */

/* Begin XCBuildConfiguration section */
		2083C77D1F3CA99200BE794C /* Debug */ = {
			isa = XCBuildConfiguration;
			buildSettings = {
				ALWAYS_SEARCH_USER_PATHS = NO;
				CLANG_ANALYZER_NONNULL = YES;
				CLANG_CXX_LANGUAGE_STANDARD = "gnu++0x";
				CLANG_CXX_LIBRARY = "libc++";
				CLANG_ENABLE_MODULES = YES;
				CLANG_ENABLE_OBJC_ARC = YES;
				CLANG_WARN_BOOL_CONVERSION = YES;
				CLANG_WARN_CONSTANT_CONVERSION = YES;
				CLANG_WARN_DIRECT_OBJC_ISA_USAGE = YES_ERROR;
				CLANG_WARN_DOCUMENTATION_COMMENTS = YES;
				CLANG_WARN_EMPTY_BODY = YES;
				CLANG_WARN_ENUM_CONVERSION = YES;
				CLANG_WARN_INFINITE_RECURSION = YES;
				CLANG_WARN_INT_CONVERSION = YES;
				CLANG_WARN_OBJC_ROOT_CLASS = YES_ERROR;
				CLANG_WARN_SUSPICIOUS_MOVE = YES;
				CLANG_WARN_UNREACHABLE_CODE = YES;
				CLANG_WARN__DUPLICATE_METHOD_MATCH = YES;
				"CODE_SIGN_IDENTITY[sdk=iphoneos*]" = "iPhone Developer";
				COPY_PHASE_STRIP = NO;
				DEBUG_INFORMATION_FORMAT = dwarf;
				ENABLE_STRICT_OBJC_MSGSEND = YES;
				ENABLE_TESTABILITY = YES;
				GCC_C_LANGUAGE_STANDARD = gnu99;
				GCC_DYNAMIC_NO_PIC = NO;
				GCC_NO_COMMON_BLOCKS = YES;
				GCC_OPTIMIZATION_LEVEL = 0;
				GCC_PREPROCESSOR_DEFINITIONS = (
					"DEBUG=1",
					"$(inherited)",
				);
				GCC_WARN_64_TO_32_BIT_CONVERSION = YES;
				GCC_WARN_ABOUT_RETURN_TYPE = YES_ERROR;
				GCC_WARN_UNDECLARED_SELECTOR = YES;
				GCC_WARN_UNINITIALIZED_AUTOS = YES_AGGRESSIVE;
				GCC_WARN_UNUSED_FUNCTION = YES;
				GCC_WARN_UNUSED_VARIABLE = YES;
				IPHONEOS_DEPLOYMENT_TARGET = 10.2;
				MTL_ENABLE_DEBUG_INFO = YES;
				ONLY_ACTIVE_ARCH = YES;
				SDKROOT = iphoneos;
				SWIFT_ACTIVE_COMPILATION_CONDITIONS = DEBUG;
				SWIFT_OPTIMIZATION_LEVEL = "-Onone";
			};
			name = Debug;
		};
		2083C77E1F3CA99200BE794C /* Release */ = {
			isa = XCBuildConfiguration;
			buildSettings = {
				ALWAYS_SEARCH_USER_PATHS = NO;
				CLANG_ANALYZER_NONNULL = YES;
				CLANG_CXX_LANGUAGE_STANDARD = "gnu++0x";
				CLANG_CXX_LIBRARY = "libc++";
				CLANG_ENABLE_MODULES = YES;
				CLANG_ENABLE_OBJC_ARC = YES;
				CLANG_WARN_BOOL_CONVERSION = YES;
				CLANG_WARN_CONSTANT_CONVERSION = YES;
				CLANG_WARN_DIRECT_OBJC_ISA_USAGE = YES_ERROR;
				CLANG_WARN_DOCUMENTATION_COMMENTS = YES;
				CLANG_WARN_EMPTY_BODY = YES;
				CLANG_WARN_ENUM_CONVERSION = YES;
				CLANG_WARN_INFINITE_RECURSION = YES;
				CLANG_WARN_INT_CONVERSION = YES;
				CLANG_WARN_OBJC_ROOT_CLASS = YES_ERROR;
				CLANG_WARN_SUSPICIOUS_MOVE = YES;
				CLANG_WARN_UNREACHABLE_CODE = YES;
				CLANG_WARN__DUPLICATE_METHOD_MATCH = YES;
				"CODE_SIGN_IDENTITY[sdk=iphoneos*]" = "iPhone Developer";
				COPY_PHASE_STRIP = NO;
				DEBUG_INFORMATION_FORMAT = "dwarf-with-dsym";
				ENABLE_NS_ASSERTIONS = NO;
				ENABLE_STRICT_OBJC_MSGSEND = YES;
				GCC_C_LANGUAGE_STANDARD = gnu99;
				GCC_NO_COMMON_BLOCKS = YES;
				GCC_WARN_64_TO_32_BIT_CONVERSION = YES;
				GCC_WARN_ABOUT_RETURN_TYPE = YES_ERROR;
				GCC_WARN_UNDECLARED_SELECTOR = YES;
				GCC_WARN_UNINITIALIZED_AUTOS = YES_AGGRESSIVE;
				GCC_WARN_UNUSED_FUNCTION = YES;
				GCC_WARN_UNUSED_VARIABLE = YES;
				IPHONEOS_DEPLOYMENT_TARGET = 10.2;
				MTL_ENABLE_DEBUG_INFO = NO;
				SDKROOT = iphoneos;
				SWIFT_OPTIMIZATION_LEVEL = "-Owholemodule";
				VALIDATE_PRODUCT = YES;
			};
			name = Release;
		};
		2083C7801F3CA99200BE794C /* Debug */ = {
			isa = XCBuildConfiguration;
			buildSettings = {
				ASSETCATALOG_COMPILER_APPICON_NAME = AppIcon;
				DEVELOPMENT_TEAM = 9L4ETSWFUJ;
				INFOPLIST_FILE = iOSEmprevo/Info.plist;
				LD_RUNPATH_SEARCH_PATHS = "$(inherited) @executable_path/Frameworks";
				PRODUCT_BUNDLE_IDENTIFIER = iChaithat.iOSEmprevo;
				PRODUCT_NAME = "$(TARGET_NAME)";
				SWIFT_VERSION = 3.0;
			};
			name = Debug;
		};
		2083C7811F3CA99200BE794C /* Release */ = {
			isa = XCBuildConfiguration;
			buildSettings = {
				ASSETCATALOG_COMPILER_APPICON_NAME = AppIcon;
				DEVELOPMENT_TEAM = 9L4ETSWFUJ;
				INFOPLIST_FILE = iOSEmprevo/Info.plist;
				LD_RUNPATH_SEARCH_PATHS = "$(inherited) @executable_path/Frameworks";
				PRODUCT_BUNDLE_IDENTIFIER = iChaithat.iOSEmprevo;
				PRODUCT_NAME = "$(TARGET_NAME)";
				SWIFT_VERSION = 3.0;
			};
			name = Release;
		};
		2083C7831F3CA99200BE794C /* Debug */ = {
			isa = XCBuildConfiguration;
			buildSettings = {
				ALWAYS_EMBED_SWIFT_STANDARD_LIBRARIES = YES;
				BUNDLE_LOADER = "$(TEST_HOST)";
				DEVELOPMENT_TEAM = 9L4ETSWFUJ;
				INFOPLIST_FILE = iOSEmprevoTests/Info.plist;
				LD_RUNPATH_SEARCH_PATHS = "$(inherited) @executable_path/Frameworks @loader_path/Frameworks";
				PRODUCT_BUNDLE_IDENTIFIER = iChaithat.iOSEmprevoTests;
				PRODUCT_NAME = "$(TARGET_NAME)";
				SWIFT_VERSION = 3.0;
				TEST_HOST = "$(BUILT_PRODUCTS_DIR)/iOSEmprevo.app/iOSEmprevo";
			};
			name = Debug;
		};
		2083C7841F3CA99200BE794C /* Release */ = {
			isa = XCBuildConfiguration;
			buildSettings = {
				ALWAYS_EMBED_SWIFT_STANDARD_LIBRARIES = YES;
				BUNDLE_LOADER = "$(TEST_HOST)";
				DEVELOPMENT_TEAM = 9L4ETSWFUJ;
				INFOPLIST_FILE = iOSEmprevoTests/Info.plist;
				LD_RUNPATH_SEARCH_PATHS = "$(inherited) @executable_path/Frameworks @loader_path/Frameworks";
				PRODUCT_BUNDLE_IDENTIFIER = iChaithat.iOSEmprevoTests;
				PRODUCT_NAME = "$(TARGET_NAME)";
				SWIFT_VERSION = 3.0;
				TEST_HOST = "$(BUILT_PRODUCTS_DIR)/iOSEmprevo.app/iOSEmprevo";
			};
			name = Release;
		};
/* End XCBuildConfiguration section */

/* Begin XCConfigurationList section */
		2083C75D1F3CA99200BE794C /* Build configuration list for PBXProject "iOSEmprevo" */ = {
			isa = XCConfigurationList;
			buildConfigurations = (
				2083C77D1F3CA99200BE794C /* Debug */,
				2083C77E1F3CA99200BE794C /* Release */,
			);
			defaultConfigurationIsVisible = 0;
			defaultConfigurationName = Release;
		};
		2083C77F1F3CA99200BE794C /* Build configuration list for PBXNativeTarget "iOSEmprevo" */ = {
			isa = XCConfigurationList;
			buildConfigurations = (
				2083C7801F3CA99200BE794C /* Debug */,
				2083C7811F3CA99200BE794C /* Release */,
			);
			defaultConfigurationIsVisible = 0;
			defaultConfigurationName = Release;
		};
		2083C7821F3CA99200BE794C /* Build configuration list for PBXNativeTarget "iOSEmprevoTests" */ = {
			isa = XCConfigurationList;
			buildConfigurations = (
				2083C7831F3CA99200BE794C /* Debug */,
				2083C7841F3CA99200BE794C /* Release */,
			);
			defaultConfigurationIsVisible = 0;
			defaultConfigurationName = Release;
		};
/* End XCConfigurationList section */
	};
	rootObject = 2083C75A1F3CA99200BE794C /* Project object */;
}
